
Microsoft Visual Studio Solution File, Format Version 12.00
# Visual Studio Version 16
VisualStudioVersion = 16.0.32002.261
MinimumVisualStudioVersion = 10.0.40219.1
Project("{888888A0-9F3D-457C-B088-3A5042F75D52}") = "PlatformClass", "PlatformClass.pyproj", "{EEA2E42D-8F61-434A-A102-5C78AB1007AF}"
EndProject
Global
	GlobalSection(SolutionConfigurationPlatforms) = preSolution
		Debug|Any CPU = Debug|Any CPU
		Release|Any CPU = Release|Any CPU
	EndGlobalSection
	GlobalSection(ProjectConfigurationPlatforms) = postSolution
		{EEA2E42D-8F61-434A-A102-5C78AB1007AF}.Debug|Any CPU.ActiveCfg = Debug|Any CPU
		{EEA2E42D-8F61-434A-A102-5C78AB1007AF}.Release|Any CPU.ActiveCfg = Release|Any CPU
	EndGlobalSection
	GlobalSection(SolutionProperties) = preSolution
		HideSolutionNode = FALSE
	EndGlobalSection
	GlobalSection(ExtensibilityGlobals) = postSolution
		SolutionGuid = {2256D84A-E94B-4BA2-885D-FF208D42AA53}
	EndGlobalSection
EndGlobal
